// !$*UTF8*$!
{
	archiveVersion = 1;
	classes = {
	};
	objectVersion = 46;
	objects = {

/* Begin PBXAggregateTarget section */
		24416B8111C4CA220047AFDD /* Build & Test */ = {
			isa = PBXAggregateTarget;
			buildConfigurationList = 24416B8A11C4CA520047AFDD /* Build configuration list for PBXAggregateTarget "Build & Test" */;
			buildPhases = (
				24416B8011C4CA220047AFDD /* ShellScript */,
			);
			dependencies = (
				24416B8511C4CA280047AFDD /* PBXTargetDependency */,
			);
			name = "Build & Test";
			productName = "Build & test";
		};
/* End PBXAggregateTarget section */

/* Begin PBXBuildFile section */
		190E5FED2109BC8A00FCEA5D /* TiBarcodeModule.h in Headers */ = {isa = PBXBuildFile; fileRef = 190E5FE92109BC8900FCEA5D /* TiBarcodeModule.h */; };
		190E5FEE2109BC8A00FCEA5D /* TiBarcodeViewController.h in Headers */ = {isa = PBXBuildFile; fileRef = 190E5FEA2109BC8A00FCEA5D /* TiBarcodeViewController.h */; };
		190E5FEF2109BC8A00FCEA5D /* TiBarcodeModule.m in Sources */ = {isa = PBXBuildFile; fileRef = 190E5FEB2109BC8A00FCEA5D /* TiBarcodeModule.m */; };
		190E5FF02109BC8A00FCEA5D /* TiBarcodeViewController.m in Sources */ = {isa = PBXBuildFile; fileRef = 190E5FEC2109BC8A00FCEA5D /* TiBarcodeViewController.m */; };
		190E5FF32109BCB400FCEA5D /* TiOverlayView.h in Headers */ = {isa = PBXBuildFile; fileRef = 190E5FF12109BCB400FCEA5D /* TiOverlayView.h */; };
		190E5FF42109BCB400FCEA5D /* TiOverlayView.m in Sources */ = {isa = PBXBuildFile; fileRef = 190E5FF22109BCB400FCEA5D /* TiOverlayView.m */; };
		1977771C210EF49200565614 /* MTBBarcodeScanner.m in Sources */ = {isa = PBXBuildFile; fileRef = 1977771A210EF49200565614 /* MTBBarcodeScanner.m */; };
		1977771D210EF49200565614 /* MTBBarcodeScanner.h in Headers */ = {isa = PBXBuildFile; fileRef = 1977771B210EF49200565614 /* MTBBarcodeScanner.h */; };
		246732D911E27BC500D39AF7 /* Foundation.framework in Frameworks */ = {isa = PBXBuildFile; fileRef = 246732D811E27BC500D39AF7 /* Foundation.framework */; };
		24DE9E1111C5FE74003F90F6 /* TiBarcodeModuleAssets.h in Headers */ = {isa = PBXBuildFile; fileRef = 24DE9E0F11C5FE74003F90F6 /* TiBarcodeModuleAssets.h */; };
		24DE9E1211C5FE74003F90F6 /* TiBarcodeModuleAssets.m in Sources */ = {isa = PBXBuildFile; fileRef = 24DE9E1011C5FE74003F90F6 /* TiBarcodeModuleAssets.m */; };
		AA747D9F0F9514B9006C5449 /* TiBarcode_Prefix.pch in Headers */ = {isa = PBXBuildFile; fileRef = AA747D9E0F9514B9006C5449 /* TiBarcode_Prefix.pch */; };
		DAF8E7AF1300AF8B00C06BC6 /* UIKit.framework in Frameworks */ = {isa = PBXBuildFile; fileRef = DAF8E7AE1300AF8B00C06BC6 /* UIKit.framework */; };
		DAF8E7B21300AF9400C06BC6 /* AudioToolbox.framework in Frameworks */ = {isa = PBXBuildFile; fileRef = DAF8E7B11300AF9400C06BC6 /* AudioToolbox.framework */; };
		DAF8E7B51300AF9E00C06BC6 /* CoreGraphics.framework in Frameworks */ = {isa = PBXBuildFile; fileRef = DAF8E7B41300AF9E00C06BC6 /* CoreGraphics.framework */; };
		DAF8E7B71300AF9E00C06BC6 /* QuartzCore.framework in Frameworks */ = {isa = PBXBuildFile; fileRef = DAF8E7B61300AF9E00C06BC6 /* QuartzCore.framework */; };
		DAF8E8571300DB7100C06BC6 /* CoreVideo.framework in Frameworks */ = {isa = PBXBuildFile; fileRef = DAF8E8561300DB7100C06BC6 /* CoreVideo.framework */; };
/* End PBXBuildFile section */

/* Begin PBXContainerItemProxy section */
		24416B8411C4CA280047AFDD /* PBXContainerItemProxy */ = {
			isa = PBXContainerItemProxy;
			containerPortal = 0867D690FE84028FC02AAC07 /* Project object */;
			proxyType = 1;
			remoteGlobalIDString = D2AAC07D0554694100DB518D;
			remoteInfo = barcode;
		};
/* End PBXContainerItemProxy section */

/* Begin PBXFileReference section */
		190E5FE92109BC8900FCEA5D /* TiBarcodeModule.h */ = {isa = PBXFileReference; fileEncoding = 4; lastKnownFileType = sourcecode.c.h; name = TiBarcodeModule.h; path = Classes/TiBarcodeModule.h; sourceTree = "<group>"; };
		190E5FEA2109BC8A00FCEA5D /* TiBarcodeViewController.h */ = {isa = PBXFileReference; fileEncoding = 4; lastKnownFileType = sourcecode.c.h; name = TiBarcodeViewController.h; path = Classes/TiBarcodeViewController.h; sourceTree = "<group>"; };
		190E5FEB2109BC8A00FCEA5D /* TiBarcodeModule.m */ = {isa = PBXFileReference; fileEncoding = 4; lastKnownFileType = sourcecode.c.objc; name = TiBarcodeModule.m; path = Classes/TiBarcodeModule.m; sourceTree = "<group>"; };
		190E5FEC2109BC8A00FCEA5D /* TiBarcodeViewController.m */ = {isa = PBXFileReference; fileEncoding = 4; lastKnownFileType = sourcecode.c.objc; name = TiBarcodeViewController.m; path = Classes/TiBarcodeViewController.m; sourceTree = "<group>"; };
		190E5FF12109BCB400FCEA5D /* TiOverlayView.h */ = {isa = PBXFileReference; fileEncoding = 4; lastKnownFileType = sourcecode.c.h; name = TiOverlayView.h; path = Classes/TiOverlayView.h; sourceTree = "<group>"; };
		190E5FF22109BCB400FCEA5D /* TiOverlayView.m */ = {isa = PBXFileReference; fileEncoding = 4; lastKnownFileType = sourcecode.c.objc; name = TiOverlayView.m; path = Classes/TiOverlayView.m; sourceTree = "<group>"; };
		1977771A210EF49200565614 /* MTBBarcodeScanner.m */ = {isa = PBXFileReference; fileEncoding = 4; lastKnownFileType = sourcecode.c.objc; name = MTBBarcodeScanner.m; path = Classes/MTBBarcodeScanner.m; sourceTree = "<group>"; };
		1977771B210EF49200565614 /* MTBBarcodeScanner.h */ = {isa = PBXFileReference; fileEncoding = 4; lastKnownFileType = sourcecode.c.h; name = MTBBarcodeScanner.h; path = Classes/MTBBarcodeScanner.h; sourceTree = "<group>"; };
		246732D811E27BC500D39AF7 /* Foundation.framework */ = {isa = PBXFileReference; lastKnownFileType = wrapper.framework; name = Foundation.framework; path = System/Library/Frameworks/Foundation.framework; sourceTree = SDKROOT; };
		24DD6D1B1134B66800162E58 /* titanium.xcconfig */ = {isa = PBXFileReference; fileEncoding = 4; lastKnownFileType = text.xcconfig; path = titanium.xcconfig; sourceTree = "<group>"; };
		24DE9E0F11C5FE74003F90F6 /* TiBarcodeModuleAssets.h */ = {isa = PBXFileReference; fileEncoding = 4; lastKnownFileType = sourcecode.c.h; name = TiBarcodeModuleAssets.h; path = Classes/TiBarcodeModuleAssets.h; sourceTree = "<group>"; };
		24DE9E1011C5FE74003F90F6 /* TiBarcodeModuleAssets.m */ = {isa = PBXFileReference; fileEncoding = 4; lastKnownFileType = sourcecode.c.objc; name = TiBarcodeModuleAssets.m; path = Classes/TiBarcodeModuleAssets.m; sourceTree = "<group>"; };
		AA747D9E0F9514B9006C5449 /* TiBarcode_Prefix.pch */ = {isa = PBXFileReference; fileEncoding = 4; lastKnownFileType = sourcecode.c.h; path = TiBarcode_Prefix.pch; sourceTree = SOURCE_ROOT; };
		D2AAC07E0554694100DB518D /* libTiBarcode.a */ = {isa = PBXFileReference; explicitFileType = archive.ar; includeInIndex = 0; path = libTiBarcode.a; sourceTree = BUILT_PRODUCTS_DIR; };
		DAF8E7AE1300AF8B00C06BC6 /* UIKit.framework */ = {isa = PBXFileReference; lastKnownFileType = wrapper.framework; name = UIKit.framework; path = System/Library/Frameworks/UIKit.framework; sourceTree = SDKROOT; };
		DAF8E7B11300AF9400C06BC6 /* AudioToolbox.framework */ = {isa = PBXFileReference; lastKnownFileType = wrapper.framework; name = AudioToolbox.framework; path = System/Library/Frameworks/AudioToolbox.framework; sourceTree = SDKROOT; };
		DAF8E7B41300AF9E00C06BC6 /* CoreGraphics.framework */ = {isa = PBXFileReference; lastKnownFileType = wrapper.framework; name = CoreGraphics.framework; path = System/Library/Frameworks/CoreGraphics.framework; sourceTree = SDKROOT; };
		DAF8E7B61300AF9E00C06BC6 /* QuartzCore.framework */ = {isa = PBXFileReference; lastKnownFileType = wrapper.framework; name = QuartzCore.framework; path = System/Library/Frameworks/QuartzCore.framework; sourceTree = SDKROOT; };
		DAF8E8561300DB7100C06BC6 /* CoreVideo.framework */ = {isa = PBXFileReference; lastKnownFileType = wrapper.framework; name = CoreVideo.framework; path = System/Library/Frameworks/CoreVideo.framework; sourceTree = SDKROOT; };
/* End PBXFileReference section */

/* Begin PBXFrameworksBuildPhase section */
		D2AAC07C0554694100DB518D /* Frameworks */ = {
			isa = PBXFrameworksBuildPhase;
			buildActionMask = 2147483647;
			files = (
				246732D911E27BC500D39AF7 /* Foundation.framework in Frameworks */,
				DAF8E7AF1300AF8B00C06BC6 /* UIKit.framework in Frameworks */,
				DAF8E7B21300AF9400C06BC6 /* AudioToolbox.framework in Frameworks */,
				DAF8E7B51300AF9E00C06BC6 /* CoreGraphics.framework in Frameworks */,
				DAF8E7B71300AF9E00C06BC6 /* QuartzCore.framework in Frameworks */,
				DAF8E8571300DB7100C06BC6 /* CoreVideo.framework in Frameworks */,
			);
			runOnlyForDeploymentPostprocessing = 0;
		};
/* End PBXFrameworksBuildPhase section */

/* Begin PBXGroup section */
		034768DFFF38A50411DB9C8B /* Products */ = {
			isa = PBXGroup;
			children = (
				D2AAC07E0554694100DB518D /* libTiBarcode.a */,
			);
			name = Products;
			sourceTree = "<group>";
		};
		0867D691FE84028FC02AAC07 /* barcode */ = {
			isa = PBXGroup;
			children = (
				08FB77AEFE84172EC02AAC07 /* Classes */,
				32C88DFF0371C24200C91783 /* Other Sources */,
				0867D69AFE84028FC02AAC07 /* Frameworks */,
				034768DFFF38A50411DB9C8B /* Products */,
			);
			name = barcode;
			sourceTree = "<group>";
		};
		0867D69AFE84028FC02AAC07 /* Frameworks */ = {
			isa = PBXGroup;
			children = (
				246732D811E27BC500D39AF7 /* Foundation.framework */,
				DAF8E7AE1300AF8B00C06BC6 /* UIKit.framework */,
				DAF8E7B11300AF9400C06BC6 /* AudioToolbox.framework */,
				DAF8E7B41300AF9E00C06BC6 /* CoreGraphics.framework */,
				DAF8E7B61300AF9E00C06BC6 /* QuartzCore.framework */,
				DAF8E8561300DB7100C06BC6 /* CoreVideo.framework */,
			);
			name = Frameworks;
			sourceTree = "<group>";
		};
		08FB77AEFE84172EC02AAC07 /* Classes */ = {
			isa = PBXGroup;
			children = (
				19777719210EF44400565614 /* MTBBarcodeScanner */,
				190E5FF12109BCB400FCEA5D /* TiOverlayView.h */,
				190E5FF22109BCB400FCEA5D /* TiOverlayView.m */,
				190E5FE92109BC8900FCEA5D /* TiBarcodeModule.h */,
				190E5FEB2109BC8A00FCEA5D /* TiBarcodeModule.m */,
				190E5FEA2109BC8A00FCEA5D /* TiBarcodeViewController.h */,
				190E5FEC2109BC8A00FCEA5D /* TiBarcodeViewController.m */,
				24DE9E0F11C5FE74003F90F6 /* TiBarcodeModuleAssets.h */,
				24DE9E1011C5FE74003F90F6 /* TiBarcodeModuleAssets.m */,
			);
			name = Classes;
			sourceTree = "<group>";
		};
		19777719210EF44400565614 /* MTBBarcodeScanner */ = {
			isa = PBXGroup;
			children = (
				1977771B210EF49200565614 /* MTBBarcodeScanner.h */,
				1977771A210EF49200565614 /* MTBBarcodeScanner.m */,
			);
			name = MTBBarcodeScanner;
			sourceTree = "<group>";
		};
		32C88DFF0371C24200C91783 /* Other Sources */ = {
			isa = PBXGroup;
			children = (
				AA747D9E0F9514B9006C5449 /* TiBarcode_Prefix.pch */,
				24DD6D1B1134B66800162E58 /* titanium.xcconfig */,
			);
			name = "Other Sources";
			sourceTree = "<group>";
		};
/* End PBXGroup section */

/* Begin PBXHeadersBuildPhase section */
		D2AAC07A0554694100DB518D /* Headers */ = {
			isa = PBXHeadersBuildPhase;
			buildActionMask = 2147483647;
			files = (
				190E5FF32109BCB400FCEA5D /* TiOverlayView.h in Headers */,
				AA747D9F0F9514B9006C5449 /* TiBarcode_Prefix.pch in Headers */,
				190E5FEE2109BC8A00FCEA5D /* TiBarcodeViewController.h in Headers */,
				190E5FED2109BC8A00FCEA5D /* TiBarcodeModule.h in Headers */,
				1977771D210EF49200565614 /* MTBBarcodeScanner.h in Headers */,
				24DE9E1111C5FE74003F90F6 /* TiBarcodeModuleAssets.h in Headers */,
			);
			runOnlyForDeploymentPostprocessing = 0;
		};
/* End PBXHeadersBuildPhase section */

/* Begin PBXNativeTarget section */
		D2AAC07D0554694100DB518D /* barcode */ = {
			isa = PBXNativeTarget;
			buildConfigurationList = 1DEB921E08733DC00010E9CD /* Build configuration list for PBXNativeTarget "barcode" */;
			buildPhases = (
				D2AAC07A0554694100DB518D /* Headers */,
				D2AAC07B0554694100DB518D /* Sources */,
				D2AAC07C0554694100DB518D /* Frameworks */,
			);
			buildRules = (
			);
			dependencies = (
			);
			name = barcode;
			productName = barcode;
			productReference = D2AAC07E0554694100DB518D /* libTiBarcode.a */;
			productType = "com.apple.product-type.library.static";
		};
/* End PBXNativeTarget section */

/* Begin PBXProject section */
		0867D690FE84028FC02AAC07 /* Project object */ = {
			isa = PBXProject;
			attributes = {
				LastUpgradeCheck = 0610;
			};
			buildConfigurationList = 1DEB922208733DC00010E9CD /* Build configuration list for PBXProject "barcode" */;
			compatibilityVersion = "Xcode 3.2";
			developmentRegion = English;
			hasScannedForEncodings = 1;
			knownRegions = (
				en,
			);
			mainGroup = 0867D691FE84028FC02AAC07 /* barcode */;
			productRefGroup = 034768DFFF38A50411DB9C8B /* Products */;
			projectDirPath = "";
			projectRoot = "";
			targets = (
				D2AAC07D0554694100DB518D /* barcode */,
				24416B8111C4CA220047AFDD /* Build & Test */,
			);
		};
/* End PBXProject section */

/* Begin PBXShellScriptBuildPhase section */
		24416B8011C4CA220047AFDD /* ShellScript */ = {
			isa = PBXShellScriptBuildPhase;
			buildActionMask = 2147483647;
			files = (
			);
			inputPaths = (
			);
			outputPaths = (
			);
			runOnlyForDeploymentPostprocessing = 0;
			shellPath = /bin/sh;
			shellScript = "# shell script goes here\n\npython \"${TITANIUM_SDK}/titanium.py\" run --dir=\"${PROJECT_DIR}\"\nexit $?\n";
		};
/* End PBXShellScriptBuildPhase section */

/* Begin PBXSourcesBuildPhase section */
		D2AAC07B0554694100DB518D /* Sources */ = {
			isa = PBXSourcesBuildPhase;
			buildActionMask = 2147483647;
			files = (
				190E5FF42109BCB400FCEA5D /* TiOverlayView.m in Sources */,
				1977771C210EF49200565614 /* MTBBarcodeScanner.m in Sources */,
				190E5FF02109BC8A00FCEA5D /* TiBarcodeViewController.m in Sources */,
				190E5FEF2109BC8A00FCEA5D /* TiBarcodeModule.m in Sources */,
				24DE9E1211C5FE74003F90F6 /* TiBarcodeModuleAssets.m in Sources */,
			);
			runOnlyForDeploymentPostprocessing = 0;
		};
/* End PBXSourcesBuildPhase section */

/* Begin PBXTargetDependency section */
		24416B8511C4CA280047AFDD /* PBXTargetDependency */ = {
			isa = PBXTargetDependency;
			target = D2AAC07D0554694100DB518D /* barcode */;
			targetProxy = 24416B8411C4CA280047AFDD /* PBXContainerItemProxy */;
		};
/* End PBXTargetDependency section */

/* Begin XCBuildConfiguration section */
		1DEB921F08733DC00010E9CD /* Debug */ = {
			isa = XCBuildConfiguration;
			baseConfigurationReference = 24DD6D1B1134B66800162E58 /* titanium.xcconfig */;
			buildSettings = {
				"ARCHS[sdk=iphoneos*]" = "$(ARCHS_STANDARD)";
				"ARCHS[sdk=iphonesimulator*]" = "$(ARCHS_STANDARD)";
				CODE_SIGN_IDENTITY = "iPhone Developer";
				"CODE_SIGN_IDENTITY[sdk=iphoneos*]" = "iPhone Developer";
				DSTROOT = /tmp/TiBarcode.dst;
				ENABLE_BITCODE = NO;
				GCC_C_LANGUAGE_STANDARD = c99;
				GCC_OPTIMIZATION_LEVEL = 0;
				GCC_PRECOMPILE_PREFIX_HEADER = YES;
				GCC_PREFIX_HEADER = TiBarcode_Prefix.pch;
				GCC_PREPROCESSOR_DEFINITIONS = "TI_VERSION=$(TI_VERSION)";
				GCC_THUMB_SUPPORT = NO;
				GCC_TREAT_WARNINGS_AS_ERRORS = NO;
				GCC_VERSION = "";
				GCC_WARN_ABOUT_RETURN_TYPE = NO;
				GCC_WARN_MISSING_PARENTHESES = NO;
				GCC_WARN_SHADOW = NO;
				GCC_WARN_STRICT_SELECTOR_MATCH = NO;
				GCC_WARN_UNUSED_FUNCTION = YES;
				GCC_WARN_UNUSED_PARAMETER = NO;
				GCC_WARN_UNUSED_VALUE = NO;
				GCC_WARN_UNUSED_VARIABLE = NO;
				HEADER_SEARCH_PATHS = (
					"\"zxing/cpp/core/src\"",
					"\"zxing/iphone/ZXingWidget/Classes\"/**",
					"$(TITANIUM_BASE_SDK)",
					"$(TITANIUM_BASE_SDK2)",
				);
				INSTALL_PATH = /usr/local/lib;
				OTHER_CFLAGS = (
					"-DDEBUG",
					"-DTI_POST_1_2",
				);
				OTHER_LDFLAGS = (
					"-ObjC",
					"-stdlib=libc++",
				);
				PRODUCT_NAME = TiBarcode;
				PROVISIONING_PROFILE = "";
				"PROVISIONING_PROFILE[sdk=iphoneos*]" = "";
				RUN_CLANG_STATIC_ANALYZER = NO;
				SDKROOT = iphoneos;
				USER_HEADER_SEARCH_PATHS = "";
				VALID_ARCHS = "$(ARCHS_STANDARD)";
			};
			name = Debug;
		};
		1DEB922008733DC00010E9CD /* Release */ = {
			isa = XCBuildConfiguration;
			baseConfigurationReference = 24DD6D1B1134B66800162E58 /* titanium.xcconfig */;
			buildSettings = {
				ALWAYS_SEARCH_USER_PATHS = NO;
				"ARCHS[sdk=iphoneos*]" = "$(ARCHS_STANDARD)";
				"ARCHS[sdk=iphonesimulator*]" = "$(ARCHS_STANDARD)";
				DSTROOT = /tmp/TiBarcode.dst;
				ENABLE_BITCODE = NO;
				GCC_C_LANGUAGE_STANDARD = c99;
				GCC_MODEL_TUNING = G5;
				GCC_PRECOMPILE_PREFIX_HEADER = YES;
				GCC_PREFIX_HEADER = TiBarcode_Prefix.pch;
				GCC_PREPROCESSOR_DEFINITIONS = "TI_VERSION=$(TI_VERSION)";
				GCC_THUMB_SUPPORT = NO;
				GCC_TREAT_WARNINGS_AS_ERRORS = NO;
				GCC_VERSION = "";
				GCC_WARN_ABOUT_RETURN_TYPE = NO;
				GCC_WARN_MISSING_PARENTHESES = NO;
				GCC_WARN_SHADOW = NO;
				GCC_WARN_STRICT_SELECTOR_MATCH = NO;
				GCC_WARN_UNUSED_FUNCTION = YES;
				GCC_WARN_UNUSED_PARAMETER = NO;
				GCC_WARN_UNUSED_VALUE = NO;
				GCC_WARN_UNUSED_VARIABLE = NO;
				HEADER_SEARCH_PATHS = (
					"\"zxing/cpp/core/src\"",
					"\"zxing/iphone/ZXingWidget/Classes\"/**",
					"$(TITANIUM_BASE_SDK)",
					"$(TITANIUM_BASE_SDK2)",
				);
				INSTALL_PATH = /usr/local/lib;
				IPHONEOS_DEPLOYMENT_TARGET = 8.0;
				"IPHONEOS_DEPLOYMENT_TARGET[sdk=iphoneos*]" = 8.0;
				OTHER_CFLAGS = "-DTI_POST_1_2";
				OTHER_LDFLAGS = (
					"-ObjC",
					"-stdlib=libc++",
				);
				PRODUCT_NAME = TiBarcode;
				RUN_CLANG_STATIC_ANALYZER = NO;
				SDKROOT = iphoneos;
				USER_HEADER_SEARCH_PATHS = "";
				VALID_ARCHS = "$(ARCHS_STANDARD)";
			};
			name = Release;
		};
		1DEB922308733DC00010E9CD /* Debug */ = {
			isa = XCBuildConfiguration;
			baseConfigurationReference = 24DD6D1B1134B66800162E58 /* titanium.xcconfig */;
			buildSettings = {
				ARCHS = "$(ARCHS_STANDARD)";
				"ARCHS[sdk=iphoneos*]" = "$(ARCHS_STANDARD)";
				"ARCHS[sdk=iphonesimulator*]" = "$(ARCHS_STANDARD)";
				CLANG_ENABLE_OBJC_ARC = YES;
				CODE_SIGN_IDENTITY = "iPhone Developer";
				"CODE_SIGN_IDENTITY[sdk=iphoneos*]" = "iPhone Developer";
				DSTROOT = /tmp/TiBarcode.dst;
				ENABLE_BITCODE = NO;
				GCC_C_LANGUAGE_STANDARD = c99;
				GCC_OPTIMIZATION_LEVEL = 0;
				GCC_PRECOMPILE_PREFIX_HEADER = YES;
				GCC_PREFIX_HEADER = TiBarcode_Prefix.pch;
				GCC_PREPROCESSOR_DEFINITIONS = "TI_VERSION=$(TI_VERSION)";
				GCC_THUMB_SUPPORT = NO;
				GCC_TREAT_WARNINGS_AS_ERRORS = NO;
				GCC_VERSION = "";
				GCC_WARN_ABOUT_RETURN_TYPE = NO;
				GCC_WARN_MISSING_PARENTHESES = NO;
				GCC_WARN_SHADOW = NO;
				GCC_WARN_STRICT_SELECTOR_MATCH = NO;
				GCC_WARN_UNUSED_FUNCTION = YES;
				GCC_WARN_UNUSED_PARAMETER = NO;
				GCC_WARN_UNUSED_VALUE = NO;
				GCC_WARN_UNUSED_VARIABLE = NO;
				HEADER_SEARCH_PATHS = (
					"\"zxing/cpp/core/src\"",
					"\"zxing/iphone/ZXingWidget/Classes\"/**",
					"$(TITANIUM_BASE_SDK)",
					"$(TITANIUM_BASE_SDK2)",
				);
				INSTALL_PATH = /usr/local/lib;
				IPHONEOS_DEPLOYMENT_TARGET = 8.0;
				ONLY_ACTIVE_ARCH = YES;
				OTHER_CFLAGS = (
					"-DDEBUG",
					"-DTI_POST_1_2",
				);
				OTHER_LDFLAGS = "-ObjC";
				PRODUCT_NAME = TiBarcode;
				PROVISIONING_PROFILE = "";
				"PROVISIONING_PROFILE[sdk=iphoneos*]" = "";
				RUN_CLANG_STATIC_ANALYZER = NO;
				SDKROOT = iphoneos;
				USER_HEADER_SEARCH_PATHS = "";
			};
			name = Debug;
		};
		1DEB922408733DC00010E9CD /* Release */ = {
			isa = XCBuildConfiguration;
			baseConfigurationReference = 24DD6D1B1134B66800162E58 /* titanium.xcconfig */;
			buildSettings = {
				ALWAYS_SEARCH_USER_PATHS = NO;
				ARCHS = "$(ARCHS_STANDARD)";
				"ARCHS[sdk=iphoneos*]" = "$(ARCHS_STANDARD)";
				"ARCHS[sdk=iphonesimulator*]" = "$(ARCHS_STANDARD)";
				CLANG_ENABLE_OBJC_ARC = YES;
				DSTROOT = /tmp/TiBarcode.dst;
				ENABLE_BITCODE = NO;
				GCC_C_LANGUAGE_STANDARD = c99;
				GCC_MODEL_TUNING = G5;
				GCC_PRECOMPILE_PREFIX_HEADER = YES;
				GCC_PREFIX_HEADER = TiBarcode_Prefix.pch;
				GCC_PREPROCESSOR_DEFINITIONS = "TI_VERSION=$(TI_VERSION)";
				GCC_THUMB_SUPPORT = NO;
				GCC_TREAT_WARNINGS_AS_ERRORS = NO;
				GCC_VERSION = "";
				GCC_WARN_ABOUT_RETURN_TYPE = NO;
				GCC_WARN_MISSING_PARENTHESES = NO;
				GCC_WARN_SHADOW = NO;
				GCC_WARN_STRICT_SELECTOR_MATCH = NO;
				GCC_WARN_UNUSED_FUNCTION = YES;
				GCC_WARN_UNUSED_PARAMETER = NO;
				GCC_WARN_UNUSED_VALUE = NO;
				GCC_WARN_UNUSED_VARIABLE = NO;
				HEADER_SEARCH_PATHS = (
					"\"zxing/cpp/core/src\"",
					"\"zxing/iphone/ZXingWidget/Classes\"/**",
					"$(TITANIUM_BASE_SDK)",
					"$(TITANIUM_BASE_SDK2)",
				);
				INSTALL_PATH = /usr/local/lib;
				IPHONEOS_DEPLOYMENT_TARGET = 8.0;
				OTHER_CFLAGS = "-DTI_POST_1_2";
				OTHER_LDFLAGS = "-ObjC";
				PRODUCT_NAME = TiBarcode;
				RUN_CLANG_STATIC_ANALYZER = NO;
				SDKROOT = iphoneos;
				USER_HEADER_SEARCH_PATHS = "";
			};
			name = Release;
		};
		24416B8211C4CA220047AFDD /* Debug */ = {
			isa = XCBuildConfiguration;
			baseConfigurationReference = 24DD6D1B1134B66800162E58 /* titanium.xcconfig */;
			buildSettings = {
				COPY_PHASE_STRIP = NO;
				GCC_DYNAMIC_NO_PIC = NO;
				GCC_OPTIMIZATION_LEVEL = 0;
				GCC_THUMB_SUPPORT = NO;
				PRODUCT_NAME = "Build & test";
			};
			name = Debug;
		};
		24416B8311C4CA220047AFDD /* Release */ = {
			isa = XCBuildConfiguration;
			baseConfigurationReference = 24DD6D1B1134B66800162E58 /* titanium.xcconfig */;
			buildSettings = {
				COPY_PHASE_STRIP = YES;
				DEBUG_INFORMATION_FORMAT = "dwarf-with-dsym";
				GCC_ENABLE_FIX_AND_CONTINUE = NO;
				GCC_THUMB_SUPPORT = NO;
				PRODUCT_NAME = "Build & test";
				ZERO_LINK = NO;
			};
			name = Release;
		};
/* End XCBuildConfiguration section */

/* Begin XCConfigurationList section */
		1DEB921E08733DC00010E9CD /* Build configuration list for PBXNativeTarget "barcode" */ = {
			isa = XCConfigurationList;
			buildConfigurations = (
				1DEB921F08733DC00010E9CD /* Debug */,
				1DEB922008733DC00010E9CD /* Release */,
			);
			defaultConfigurationIsVisible = 0;
			defaultConfigurationName = Release;
		};
		1DEB922208733DC00010E9CD /* Build configuration list for PBXProject "barcode" */ = {
			isa = XCConfigurationList;
			buildConfigurations = (
				1DEB922308733DC00010E9CD /* Debug */,
				1DEB922408733DC00010E9CD /* Release */,
			);
			defaultConfigurationIsVisible = 0;
			defaultConfigurationName = Release;
		};
		24416B8A11C4CA520047AFDD /* Build configuration list for PBXAggregateTarget "Build & Test" */ = {
			isa = XCConfigurationList;
			buildConfigurations = (
				24416B8211C4CA220047AFDD /* Debug */,
				24416B8311C4CA220047AFDD /* Release */,
			);
			defaultConfigurationIsVisible = 0;
			defaultConfigurationName = Release;
		};
/* End XCConfigurationList section */
	};
	rootObject = 0867D690FE84028FC02AAC07 /* Project object */;
}
